<?xml version="1.0" encoding="utf-8"?>
<Project ToolsVersion="4.0" xmlns="http://schemas.microsoft.com/developer/msbuild/2003">
  <ItemGroup>
    <Filter Include="ソース ファイル">
      <UniqueIdentifier>{4FC737F1-C7A5-4376-A066-2A32D752A2FF}</UniqueIdentifier>
      <Extensions>cpp;c;cc;cxx;c++;cppm;ixx;def;odl;idl;hpj;bat;asm;asmx</Extensions>
    </Filter>
    <Filter Include="ヘッダー ファイル">
      <UniqueIdentifier>{93995380-89BD-4b04-88EB-625FBE52EBFB}</UniqueIdentifier>
      <Extensions>h;hh;hpp;hxx;h++;hm;inl;inc;ipp;xsd</Extensions>
    </Filter>
    <Filter Include="リソース ファイル">
      <UniqueIdentifier>{67DA6AB6-F800-4c08-8B7A-83BB121AAD01}</UniqueIdentifier>
      <Extensions>rc;ico;cur;bmp;dlg;rc2;rct;bin;rgs;gif;jpg;jpeg;jpe;resx;tiff;tif;png;wav;mfcribbon-ms</Extensions>
    </Filter>
    <Filter Include="シェーダーファイル">
      <UniqueIdentifier>{a4977b84-d8c7-4af5-9ec0-0a16eadb143c}</UniqueIdentifier>
    </Filter>
    <Filter Include="imgui">
      <UniqueIdentifier>{0a453205-904a-45d6-a9eb-0dac3a2f7764}</UniqueIdentifier>
    </Filter>
    <Filter Include="ソース ファイル\WindowsAPI">
      <UniqueIdentifier>{a7d8d2b7-1592-40c5-85e7-e9761e741e36}</UniqueIdentifier>
    </Filter>
    <Filter Include="ヘッダー ファイル\WindowsAPI">
      <UniqueIdentifier>{ec899478-cb68-4f6c-bd17-5298e5921c27}</UniqueIdentifier>
    </Filter>
    <Filter Include="ヘッダー ファイル\DirectXCommon">
      <UniqueIdentifier>{3ae83b65-e075-405f-a02a-f9b71b0b4b14}</UniqueIdentifier>
    </Filter>
    <Filter Include="ソース ファイル\DirectXCommon">
      <UniqueIdentifier>{8e480988-c74f-4c39-90e6-4f298080aea2}</UniqueIdentifier>
    </Filter>
    <Filter Include="ヘッダー ファイル\Math">
      <UniqueIdentifier>{be6d3692-f712-4c79-9dc2-1cf1752386cd}</UniqueIdentifier>
    </Filter>
    <Filter Include="ソース ファイル\PSO">
      <UniqueIdentifier>{0327c8af-e47e-4264-9651-b3a314f60634}</UniqueIdentifier>
    </Filter>
    <Filter Include="ヘッダー ファイル\PSO">
      <UniqueIdentifier>{3e6a97dd-1e8b-4b69-975d-a6796f06d713}</UniqueIdentifier>
    </Filter>
  </ItemGroup>
  <ItemGroup>
    <ClCompile Include="WinMain.cpp">
      <Filter>ソース ファイル</Filter>
    </ClCompile>
    <ClCompile Include="ImGuiManager.cpp">
      <Filter>ソース ファイル</Filter>
    </ClCompile>
    <ClCompile Include="externals\imgui\imgui.cpp">
      <Filter>imgui</Filter>
    </ClCompile>
    <ClCompile Include="externals\imgui\imgui_demo.cpp">
      <Filter>imgui</Filter>
    </ClCompile>
    <ClCompile Include="externals\imgui\imgui_draw.cpp">
      <Filter>imgui</Filter>
    </ClCompile>
    <ClCompile Include="externals\imgui\imgui_impl_dx12.cpp">
      <Filter>imgui</Filter>
    </ClCompile>
    <ClCompile Include="externals\imgui\imgui_impl_win32.cpp">
      <Filter>imgui</Filter>
    </ClCompile>
    <ClCompile Include="externals\imgui\imgui_tables.cpp">
      <Filter>imgui</Filter>
    </ClCompile>
    <ClCompile Include="externals\imgui\imgui_widgets.cpp">
      <Filter>imgui</Filter>
    </ClCompile>
    <ClCompile Include="WinApp.cpp">
      <Filter>ソース ファイル\WindowsAPI</Filter>
    </ClCompile>
    <ClCompile Include="DirectXCommon.cpp">
      <Filter>ソース ファイル\DirectXCommon</Filter>
    </ClCompile>
    <ClCompile Include="DX12Device.cpp">
      <Filter>ソース ファイル\DirectXCommon</Filter>
    </ClCompile>
    <ClCompile Include="DX12Descriptor.cpp">
      <Filter>ソース ファイル\DirectXCommon</Filter>
    </ClCompile>
    <ClCompile Include="DX12SwapChain.cpp">
      <Filter>ソース ファイル\DirectXCommon</Filter>
    </ClCompile>
    <ClCompile Include="D3DResourceLeakChecker.cpp">
      <Filter>ソース ファイル</Filter>
    </ClCompile>
    <ClCompile Include="ShaderManager.cpp">
      <Filter>ソース ファイル\PSO</Filter>
    </ClCompile>
    <ClCompile Include="RootSignatureManager.cpp">
      <Filter>ソース ファイル\PSO</Filter>
    </ClCompile>
    <ClCompile Include="RasterizerStateManager.cpp">
      <Filter>ソース ファイル\PSO</Filter>
    </ClCompile>
    <ClCompile Include="PipelineStateManager.cpp">
      <Filter>ソース ファイル\PSO</Filter>
    </ClCompile>
    <ClCompile Include="BlendStateManager.cpp">
      <Filter>ソース ファイル\PSO</Filter>
    </ClCompile>
    <ClCompile Include="InputLayoutManager.cpp">
      <Filter>ソース ファイル\PSO</Filter>
    </ClCompile>
    <ClCompile Include="main.cpp">
      <Filter>ソース ファイル</Filter>
    </ClCompile>
    <ClCompile Include="LogString.cpp">
      <Filter>ソース ファイル</Filter>
    </ClCompile>
    <ClCompile Include="Vector3.cpp">
      <Filter>ソース ファイル</Filter>
    </ClCompile>
    <ClCompile Include="Matrix4x4.cpp">
      <Filter>ソース ファイル</Filter>
    </ClCompile>
    <ClCompile Include="Sprite.cpp">
      <Filter>ソース ファイル</Filter>
    </ClCompile>
    <ClCompile Include="Input.cpp">
      <Filter>ソース ファイル</Filter>
    </ClCompile>
    <ClCompile Include="SpriteCommon.cpp">
      <Filter>ソース ファイル</Filter>
    </ClCompile>
    <ClCompile Include="TextureManager.cpp">
      <Filter>ソース ファイル</Filter>
    </ClCompile>
    <ClCompile Include="ResourceObject.cpp">
      <Filter>ソース ファイル</Filter>
    </ClCompile>
    <ClCompile Include="ResourceManager.cpp">
      <Filter>ソース ファイル</Filter>
    </ClCompile>
  </ItemGroup>
  <ItemGroup>
    <FxCompile Include="Resources\Shaders\Object3d.PS.hlsl">
      <Filter>シェーダーファイル</Filter>
    </FxCompile>
    <FxCompile Include="Resources\Shaders\Object3d.VS.hlsl">
      <Filter>シェーダーファイル</Filter>
    </FxCompile>
  </ItemGroup>
  <ItemGroup>
    <ClInclude Include="LogString.h">
      <Filter>ヘッダー ファイル</Filter>
    </ClInclude>
    <ClInclude Include="ImGuiManager.h">
      <Filter>ヘッダー ファイル</Filter>
    </ClInclude>
    <ClInclude Include="D3DResourceLeakChecker.h">
      <Filter>ヘッダー ファイル</Filter>
    </ClInclude>
    <ClInclude Include="externals\imgui\imconfig.h">
      <Filter>imgui</Filter>
    </ClInclude>
    <ClInclude Include="externals\imgui\imgui.h">
      <Filter>imgui</Filter>
    </ClInclude>
    <ClInclude Include="externals\imgui\imgui_impl_dx12.h">
      <Filter>imgui</Filter>
    </ClInclude>
    <ClInclude Include="externals\imgui\imgui_impl_win32.h">
      <Filter>imgui</Filter>
    </ClInclude>
    <ClInclude Include="externals\imgui\imgui_internal.h">
      <Filter>imgui</Filter>
    </ClInclude>
    <ClInclude Include="externals\imgui\imstb_textedit.h">
      <Filter>imgui</Filter>
    </ClInclude>
    <ClInclude Include="externals\imgui\imstb_truetype.h">
      <Filter>imgui</Filter>
    </ClInclude>
    <ClInclude Include="externals\imgui\imstb_rectpack.h">
      <Filter>imgui</Filter>
    </ClInclude>
    <ClInclude Include="WinApp.h">
      <Filter>ヘッダー ファイル\WindowsAPI</Filter>
    </ClInclude>
    <ClInclude Include="DirectXCommon.h">
      <Filter>ヘッダー ファイル\DirectXCommon</Filter>
    </ClInclude>
    <ClInclude Include="DX12Descriptor.h">
      <Filter>ヘッダー ファイル\DirectXCommon</Filter>
    </ClInclude>
    <ClInclude Include="DX12Device.h">
      <Filter>ヘッダー ファイル\DirectXCommon</Filter>
    </ClInclude>
    <ClInclude Include="DX12Include.h">
      <Filter>ヘッダー ファイル\DirectXCommon</Filter>
    </ClInclude>
    <ClInclude Include="DX12SwapChain.h">
      <Filter>ヘッダー ファイル\DirectXCommon</Filter>
    </ClInclude>
    <ClInclude Include="VectorMath.h">
      <Filter>ヘッダー ファイル\Math</Filter>
    </ClInclude>
    <ClInclude Include="Vector4.h">
      <Filter>ヘッダー ファイル\Math</Filter>
    </ClInclude>
    <ClInclude Include="Vector2.h">
      <Filter>ヘッダー ファイル\Math</Filter>
    </ClInclude>
    <ClInclude Include="Vector3.h">
      <Filter>ヘッダー ファイル\Math</Filter>
    </ClInclude>
    <ClInclude Include="TransformationMatrix.h">
      <Filter>ヘッダー ファイル\Math</Filter>
    </ClInclude>
    <ClInclude Include="Matrix4x4.h">
      <Filter>ヘッダー ファイル\Math</Filter>
    </ClInclude>
    <ClInclude Include="MatrixMath.h">
      <Filter>ヘッダー ファイル\Math</Filter>
    </ClInclude>
    <ClInclude Include="DirectionalLight.h">
      <Filter>ヘッダー ファイル\Math</Filter>
    </ClInclude>
    <ClInclude Include="Material.h">
      <Filter>ヘッダー ファイル\Math</Filter>
    </ClInclude>
    <ClInclude Include="ModelData.h">
      <Filter>ヘッダー ファイル\Math</Filter>
    </ClInclude>
    <ClInclude Include="ShaderManager.h">
      <Filter>ヘッダー ファイル\PSO</Filter>
    </ClInclude>
    <ClInclude Include="RootSignatureManager.h">
      <Filter>ヘッダー ファイル\PSO</Filter>
    </ClInclude>
    <ClInclude Include="RasterizerStateManager.h">
      <Filter>ヘッダー ファイル\PSO</Filter>
    </ClInclude>
    <ClInclude Include="PipelineStateManager.h">
      <Filter>ヘッダー ファイル\PSO</Filter>
    </ClInclude>
    <ClInclude Include="BlendStateManager.h">
      <Filter>ヘッダー ファイル\PSO</Filter>
    </ClInclude>
    <ClInclude Include="InputLayoutManager.h">
      <Filter>ヘッダー ファイル\PSO</Filter>
    </ClInclude>
    <ClInclude Include="Sprite.h">
      <Filter>ヘッダー ファイル</Filter>
    </ClInclude>
    <ClInclude Include="Input.h">
      <Filter>ヘッダー ファイル</Filter>
    </ClInclude>
    <ClInclude Include="SpriteCommon.h">
      <Filter>ヘッダー ファイル</Filter>
    </ClInclude>
    <ClInclude Include="ResourceObject.h">
      <Filter>ヘッダー ファイル</Filter>
    </ClInclude>
    <ClInclude Include="ResourceManager.h">
      <Filter>ヘッダー ファイル</Filter>
    </ClInclude>
    <ClInclude Include="TextureManager.h">
      <Filter>ヘッダー ファイル</Filter>
    </ClInclude>
  </ItemGroup>
  <ItemGroup>
    <None Include="Resources\Shaders\Object3d.hlsli">
      <Filter>シェーダーファイル</Filter>
    </None>
  </ItemGroup>
  <ItemGroup>
    <Text Include="externals\imgui\LICENSE.txt">
      <Filter>imgui</Filter>
    </Text>
  </ItemGroup>
</Project>