<?xml version="1.0" encoding="utf-8"?>
<Project ToolsVersion="4.0" xmlns="http://schemas.microsoft.com/developer/msbuild/2003">
  <ItemGroup>
    <FxCompile Include="Resources\Shaders\PostEffect\AbsorbEffect.PS.hlsl">
      <Filter>Shader\PixelShader</Filter>
    </FxCompile>
    <FxCompile Include="Resources\Shaders\PostEffect\DepthOutlineEffect.PS.hlsl">
      <Filter>Shader\PixelShader</Filter>
    </FxCompile>
    <FxCompile Include="Resources\Shaders\Object3D\Object3d.PS.hlsl">
      <Filter>Shader\PixelShader</Filter>
    </FxCompile>
    <FxCompile Include="Resources\Shaders\Particle\Particle.PS.hlsl">
      <Filter>Shader\PixelShader</Filter>
    </FxCompile>
    <FxCompile Include="Resources\Shaders\Skinning\SkinningObject3d.PS.hlsl">
      <Filter>Shader\PixelShader</Filter>
    </FxCompile>
    <FxCompile Include="Resources\Shaders\SkyBox\SkyBox.PS.hlsl">
      <Filter>Shader\PixelShader</Filter>
    </FxCompile>
    <FxCompile Include="Resources\Shaders\Sprite\Sprite.PS.hlsl">
      <Filter>Shader\PixelShader</Filter>
    </FxCompile>
    <FxCompile Include="Resources\Shaders\Wireframe\Wireframe.PS.hlsl">
      <Filter>Shader\PixelShader</Filter>
    </FxCompile>
    <FxCompile Include="Resources\Shaders\PostEffect\FullScreen.VS.hlsl">
      <Filter>Shader\VertexShader</Filter>
    </FxCompile>
    <FxCompile Include="Resources\Shaders\Object3D\Object3d.VS.hlsl">
      <Filter>Shader\VertexShader</Filter>
    </FxCompile>
    <FxCompile Include="Resources\Shaders\Particle\Particle.VS.hlsl">
      <Filter>Shader\VertexShader</Filter>
    </FxCompile>
    <FxCompile Include="Resources\Shaders\Skinning\SkinningObject3d.VS.hlsl">
      <Filter>Shader\VertexShader</Filter>
    </FxCompile>
    <FxCompile Include="Resources\Shaders\SkyBox\SkyBox.VS.hlsl">
      <Filter>Shader\VertexShader</Filter>
    </FxCompile>
    <FxCompile Include="Resources\Shaders\Sprite\Sprite.VS.hlsl">
      <Filter>Shader\VertexShader</Filter>
    </FxCompile>
    <FxCompile Include="Resources\Shaders\Wireframe\Wireframe.VS.hlsl">
      <Filter>Shader\VertexShader</Filter>
    </FxCompile>
    <FxCompile Include="Resources\Shaders\PostEffect\DissolveEffect.CS.hlsl">
      <Filter>Shader\ComputeShader</Filter>
    </FxCompile>
    <FxCompile Include="Resources\Shaders\PostEffect\GaussianFilterEffect.CS.hlsl">
      <Filter>Shader\ComputeShader</Filter>
    </FxCompile>
    <FxCompile Include="Resources\Shaders\PostEffect\GrayScaleEffect.CS.hlsl">
      <Filter>Shader\ComputeShader</Filter>
    </FxCompile>
    <FxCompile Include="Resources\Shaders\PostEffect\LuminanceOutlineEffect.CS.hlsl">
      <Filter>Shader\ComputeShader</Filter>
    </FxCompile>
    <FxCompile Include="Resources\Shaders\PostEffect\RadialBlurEffect.CS.hlsl">
      <Filter>Shader\ComputeShader</Filter>
    </FxCompile>
    <FxCompile Include="Resources\Shaders\PostEffect\RandomEffect.CS.hlsl">
      <Filter>Shader\ComputeShader</Filter>
    </FxCompile>
    <FxCompile Include="Resources\Shaders\Skinning\SkinningObject3d.CS.hlsl">
      <Filter>Shader\ComputeShader</Filter>
    </FxCompile>
    <FxCompile Include="Resources\Shaders\PostEffect\SmoothingEffect.CS.hlsl">
      <Filter>Shader\ComputeShader</Filter>
    </FxCompile>
    <FxCompile Include="Resources\Shaders\PostEffect\VignetteEffect.CS.hlsl">
      <Filter>Shader\ComputeShader</Filter>
    </FxCompile>
    <FxCompile Include="Resources\Shaders\PostEffect\NormalEffect.PS.hlsl">
      <Filter>Shader\PixelShader</Filter>
    </FxCompile>
    <FxCompile Include="Resources\Shaders\Wireframe\Wireframe.GS.hlsl">
      <Filter>Shader\GeometryShader</Filter>
    </FxCompile>
  </ItemGroup>
  <ItemGroup>
    <ClCompile Include="WinMain.cpp" />
    <ClCompile Include="EngineLayer\Audio\MP3Loader.cpp">
      <Filter>EngineLayer\Audio</Filter>
    </ClCompile>
    <ClCompile Include="EngineLayer\Audio\WavLoader.cpp">
      <Filter>EngineLayer\Audio</Filter>
    </ClCompile>
    <ClCompile Include="EngineLayer\WorldTransform\ParticleTransform.cpp">
      <Filter>EngineLayer\Transform</Filter>
    </ClCompile>
    <ClCompile Include="EngineLayer\WorldTransform\WorldTransform.cpp">
      <Filter>EngineLayer\Transform</Filter>
    </ClCompile>
    <ClCompile Include="EngineLayer\Mesh\Mesh.cpp">
      <Filter>EngineLayer\Mesh</Filter>
    </ClCompile>
    <ClCompile Include="EngineLayer\Mesh\ParticleMesh.cpp">
      <Filter>EngineLayer\Mesh</Filter>
    </ClCompile>
    <ClCompile Include="EngineLayer\Mesh\AnimationMesh.cpp">
      <Filter>EngineLayer\Mesh</Filter>
    </ClCompile>
    <ClCompile Include="EngineLayer\Input\Input.cpp">
      <Filter>EngineLayer\Input</Filter>
    </ClCompile>
    <ClCompile Include="EngineLayer\Material\Material.cpp">
      <Filter>EngineLayer\Material</Filter>
    </ClCompile>
    <ClCompile Include="EngineLayer\Material\ParticleMaterial.cpp">
      <Filter>EngineLayer\Material</Filter>
    </ClCompile>
    <ClCompile Include="EngineLayer\ParticleManagement\ParticleFactory.cpp">
      <Filter>EngineLayer\Particle</Filter>
    </ClCompile>
    <ClCompile Include="ApplicationLayer\Crosshair\Crosshair.cpp">
      <Filter>ApplicationLayer\Crosshair</Filter>
    </ClCompile>
    <ClCompile Include="ApplicationLayer\Colliders\Collider.cpp">
      <Filter>ApplicationLayer\Colliders</Filter>
    </ClCompile>
    <ClCompile Include="ApplicationLayer\Colliders\CollisionManager.cpp">
      <Filter>ApplicationLayer\Colliders</Filter>
    </ClCompile>
    <ClCompile Include="ApplicationLayer\Colliders\CollisionUtility.cpp">
      <Filter>ApplicationLayer\Colliders</Filter>
    </ClCompile>
    <ClCompile Include="ApplicationLayer\Colliders\ContactRecord.cpp">
      <Filter>ApplicationLayer\Colliders</Filter>
    </ClCompile>
    <ClCompile Include="ApplicationLayer\Item\Item.cpp">
      <Filter>ApplicationLayer\Item</Filter>
    </ClCompile>
    <ClCompile Include="ApplicationLayer\Item\ItemDropTable.cpp">
      <Filter>ApplicationLayer\Item</Filter>
    </ClCompile>
    <ClCompile Include="ApplicationLayer\Character\Player\Player.cpp">
      <Filter>ApplicationLayer\Character\Player</Filter>
    </ClCompile>
    <ClCompile Include="ApplicationLayer\ReloadCircle\ReloadCircle.cpp">
      <Filter>ApplicationLayer\ReloadCircle</Filter>
    </ClCompile>
    <ClCompile Include="ApplicationLayer\ResultManager\ResultManager.cpp">
      <Filter>ApplicationLayer\ResultManager</Filter>
    </ClCompile>
    <ClCompile Include="ApplicationLayer\ScoreManager\ScoreManager.cpp">
      <Filter>ApplicationLayer\ScoreManager</Filter>
    </ClCompile>
    <ClCompile Include="ApplicationLayer\EffectLayer\ParticleEmitter.cpp">
      <Filter>ApplicationLayer\EffectLayer</Filter>
    </ClCompile>
    <ClCompile Include="EngineLayer\FPSCounter\FPSCounter.cpp">
      <Filter>EngineLayer\FPSCounter</Filter>
    </ClCompile>
    <ClCompile Include="EngineLayer\Math\Vectors\Vector3.cpp">
      <Filter>EngineLayer\Math\Vectors</Filter>
    </ClCompile>
    <ClCompile Include="EngineLayer\Math\Matrix\Matrix4x4.cpp">
      <Filter>EngineLayer\Math\Matrix</Filter>
    </ClCompile>
    <ClCompile Include="EngineLayer\Math\Quaternion\Quaternion.cpp">
      <Filter>EngineLayer\Math\Quaternion</Filter>
    </ClCompile>
    <ClCompile Include="EngineLayer\PostEffectManagement\AbsorbEffect\AbsorbEffect.cpp">
      <Filter>EngineLayer\PostEffectManagement\AbsorbEffect</Filter>
    </ClCompile>
    <ClCompile Include="EngineLayer\PostEffectManagement\DepthOutlineEffect\DepthOutlineEffect.cpp">
      <Filter>EngineLayer\PostEffectManagement\DepthOutlineEffect</Filter>
    </ClCompile>
    <ClCompile Include="EngineLayer\PostEffectManagement\DissolveEffect\DissolveEffect.cpp">
      <Filter>EngineLayer\PostEffectManagement\DissolveEffect</Filter>
    </ClCompile>
    <ClCompile Include="EngineLayer\PostEffectManagement\GaussianFilterEffect\GaussianFilterEffect.cpp">
      <Filter>EngineLayer\PostEffectManagement\GaussianFilterEffect</Filter>
    </ClCompile>
    <ClCompile Include="EngineLayer\PostEffectManagement\GrayScaleEffect\GrayScaleEffect.cpp">
      <Filter>EngineLayer\PostEffectManagement\GrayScaleEffect</Filter>
    </ClCompile>
    <ClCompile Include="EngineLayer\PostEffectManagement\LuminanceOutlineEffect\LuminanceOutlineEffect.cpp">
      <Filter>EngineLayer\PostEffectManagement\LuminanceOutlineEffect</Filter>
    </ClCompile>
    <ClCompile Include="EngineLayer\PostEffectManagement\NormalEffect\NormalEffect.cpp">
      <Filter>EngineLayer\PostEffectManagement\NormalEffect</Filter>
    </ClCompile>
    <ClCompile Include="EngineLayer\PostEffectManagement\PostEffectPipelineBuilder\PostEffectPipelineBuilder.cpp">
      <Filter>EngineLayer\PostEffectManagement\PostEffectManagement</Filter>
    </ClCompile>
    <ClCompile Include="EngineLayer\PostEffectManagement\RadialBlurEffect\RadialBlurEffect.cpp">
      <Filter>EngineLayer\PostEffectManagement\RadialBlurEffect</Filter>
    </ClCompile>
    <ClCompile Include="EngineLayer\PostEffectManagement\RandomEffect\RandomEffect.cpp">
      <Filter>EngineLayer\PostEffectManagement\RandomEffect</Filter>
    </ClCompile>
    <ClCompile Include="EngineLayer\PostEffectManagement\SmoothingEffect\SmoothingEffect.cpp">
      <Filter>EngineLayer\PostEffectManagement\SmoothingEffect</Filter>
    </ClCompile>
    <ClCompile Include="EngineLayer\PostEffectManagement\VignetteEffect\VignetteEffect.cpp">
      <Filter>EngineLayer\PostEffectManagement\VignetteEffect</Filter>
    </ClCompile>
    <ClCompile Include="ApplicationLayer\Scene\GameClearScene\GameClearScene.cpp">
      <Filter>ApplicationLayer\Scene\GameClearScene</Filter>
    </ClCompile>
    <ClCompile Include="ApplicationLayer\Scene\GameOverScene\GameOverScene.cpp">
      <Filter>ApplicationLayer\Scene\GameOverScene</Filter>
    </ClCompile>
    <ClCompile Include="ApplicationLayer\Scene\GamePlayScene\GamePlayScene.cpp">
      <Filter>ApplicationLayer\Scene\GamePlayScene</Filter>
    </ClCompile>
    <ClCompile Include="ApplicationLayer\Scene\PhysicalScene\PhysicalScene.cpp">
      <Filter>ApplicationLayer\Scene\PhysicalScene</Filter>
    </ClCompile>
    <ClCompile Include="ApplicationLayer\Scene\TitleScene\TitleScene.cpp">
      <Filter>ApplicationLayer\Scene\TitleScene</Filter>
    </ClCompile>
    <ClCompile Include="ApplicationLayer\SceneManagement\SceneFactory\SceneFactory.cpp">
      <Filter>ApplicationLayer\SceneManager\SceneFactory</Filter>
    </ClCompile>
    <ClCompile Include="ApplicationLayer\SceneManagement\SceneManager\SceneManager.cpp">
      <Filter>ApplicationLayer\SceneManager\SceneManager</Filter>
    </ClCompile>
    <ClCompile Include="EngineLayer\2D\Sprite\Sprite.cpp">
      <Filter>EngineLayer\2D\Sprite</Filter>
    </ClCompile>
    <ClCompile Include="EngineLayer\2D\Sprite\NumberSpriteDrawer.cpp">
      <Filter>EngineLayer\2D\Sprite</Filter>
    </ClCompile>
    <ClCompile Include="EngineLayer\2D\Sprite\SpriteManager.cpp">
      <Filter>EngineLayer\2D\Sprite</Filter>
    </ClCompile>
    <ClCompile Include="EngineLayer\3D\LevelData\LevelLoader.cpp">
      <Filter>EngineLayer\3D\LevelData</Filter>
    </ClCompile>
    <ClCompile Include="EngineLayer\3D\LevelData\LevelObjectManager.cpp">
      <Filter>EngineLayer\3D\LevelData</Filter>
    </ClCompile>
    <ClCompile Include="EngineLayer\3D\Object3D\Object3D.cpp">
      <Filter>EngineLayer\3D\Object3D</Filter>
    </ClCompile>
    <ClCompile Include="EngineLayer\3D\Object3D\Object3DCommon.cpp">
      <Filter>EngineLayer\3D\Object3D</Filter>
    </ClCompile>
    <ClCompile Include="EngineLayer\3D\SkyBox\SkyBox.cpp">
      <Filter>EngineLayer\3D\SkyBox</Filter>
    </ClCompile>
    <ClCompile Include="EngineLayer\3D\Wireframe\Wireframe.cpp">
      <Filter>EngineLayer\3D\Wireframe</Filter>
    </ClCompile>
    <ClCompile Include="EngineLayer\3D\AnimationManagement\AnimationModel.cpp">
      <Filter>EngineLayer\3D\AnimationManagement</Filter>
    </ClCompile>
    <ClCompile Include="EngineLayer\3D\AnimationManagement\AnimationPipelineBuilder.cpp">
      <Filter>EngineLayer\3D\AnimationManagement</Filter>
    </ClCompile>
    <ClCompile Include="EngineLayer\3D\AnimationManagement\Skeleton.cpp">
      <Filter>EngineLayer\3D\AnimationManagement</Filter>
    </ClCompile>
    <ClCompile Include="EngineLayer\3D\AnimationManagement\SkinCluster.cpp">
      <Filter>EngineLayer\3D\AnimationManagement</Filter>
    </ClCompile>
    <ClCompile Include="EngineLayer\Base\BlendStateFactory\BlendStateFactory.cpp">
      <Filter>EngineLayer\Base\BlendStateFactory</Filter>
    </ClCompile>
    <ClCompile Include="EngineLayer\Base\DirectXCommon\DirectXCommon.cpp">
      <Filter>EngineLayer\Base\DirectXCommon</Filter>
    </ClCompile>
    <ClCompile Include="EngineLayer\Base\DX12CommandManager\DX12CommandManager.cpp">
      <Filter>EngineLayer\Base\DX12CommandManager</Filter>
    </ClCompile>
    <ClCompile Include="EngineLayer\Base\DX12Device\DX12Device.cpp">
      <Filter>EngineLayer\Base\DX12Device</Filter>
    </ClCompile>
    <ClCompile Include="EngineLayer\Base\DX12FenceManager\DX12FenceManager.cpp">
      <Filter>EngineLayer\Base\DX12FenceManager</Filter>
    </ClCompile>
    <ClCompile Include="EngineLayer\Base\DX12SwapChain\DX12SwapChain.cpp">
      <Filter>EngineLayer\Base\DX12SwapChain</Filter>
    </ClCompile>
    <ClCompile Include="EngineLayer\Base\DXCCompilerManager\DXCCompilerManager.cpp">
      <Filter>EngineLayer\Base\DXCCompilerManager</Filter>
    </ClCompile>
    <ClCompile Include="EngineLayer\Base\ShaderCompiler\ShaderCompiler.cpp">
      <Filter>EngineLayer\Base\ShaderCompiler</Filter>
    </ClCompile>
    <ClCompile Include="EngineLayer\CameraManagement\Camera\Camera.cpp">
      <Filter>EngineLayer\CameraManagement\Camera</Filter>
    </ClCompile>
    <ClCompile Include="EngineLayer\CameraManagement\DebugCamera\DebugCamera.cpp">
      <Filter>EngineLayer\CameraManagement\DebugCamera</Filter>
    </ClCompile>
    <ClCompile Include="EngineLayer\CameraManagement\FPSCamera\FpsCamera.cpp">
      <Filter>EngineLayer\CameraManagement\FpsCamera</Filter>
    </ClCompile>
    <ClCompile Include="EngineLayer\FrameworkLayer\Framework\Framework.cpp">
      <Filter>EngineLayer\FrameworkLayer\Framework</Filter>
    </ClCompile>
    <ClCompile Include="EngineLayer\FrameworkLayer\Framework\GameEngine.cpp">
      <Filter>EngineLayer\FrameworkLayer\Framework</Filter>
    </ClCompile>
    <ClCompile Include="EngineLayer\FrameworkLayer\Log\LogString.cpp">
      <Filter>EngineLayer\FrameworkLayer\Log</Filter>
    </ClCompile>
    <ClCompile Include="EngineLayer\FrameworkLayer\WindowsAPI\WinApp.cpp">
      <Filter>EngineLayer\FrameworkLayer\WindowsAPI</Filter>
    </ClCompile>
    <ClCompile Include="EngineLayer\ResourceChecker\LeakCheck\D3DResourceLeakChecker.cpp">
      <Filter>EngineLayer\ResourceChecker</Filter>
    </ClCompile>
    <ClCompile Include="EngineLayer\Audio\AudioManager.cpp">
      <Filter>EngineLayer\Audio</Filter>
    </ClCompile>
    <ClCompile Include="ApplicationLayer\Scene\GamePlayScene\HUDManager\HUDManager.cpp">
      <Filter>ApplicationLayer\Scene\GamePlayScene\HUDManager</Filter>
    </ClCompile>
    <ClCompile Include="EngineLayer\Managers\ModelManager\AssimpLoader.cpp">
      <Filter>EngineLayer\Managers\ModelManager</Filter>
    </ClCompile>
    <ClCompile Include="EngineLayer\Managers\ModelManager\ModelManager.cpp">
      <Filter>EngineLayer\Managers\ModelManager</Filter>
    </ClCompile>
    <ClCompile Include="EngineLayer\Managers\DSVManager\DSVManager.cpp">
      <Filter>EngineLayer\Managers\DSVManager</Filter>
    </ClCompile>
    <ClCompile Include="EngineLayer\Managers\ImGuiManager\ImGuiManager.cpp">
      <Filter>EngineLayer\Managers\ImGuiManager</Filter>
    </ClCompile>
    <ClCompile Include="ApplicationLayer\Item\ItemManager.cpp">
      <Filter>ApplicationLayer\Item</Filter>
    </ClCompile>
    <ClCompile Include="EngineLayer\Managers\LightManager\LightManager.cpp">
      <Filter>EngineLayer\Managers\LightManager</Filter>
    </ClCompile>
    <ClCompile Include="EngineLayer\Managers\ParameterManager\ParameterManager.cpp">
      <Filter>EngineLayer\Managers\ParameterManager</Filter>
    </ClCompile>
    <ClCompile Include="EngineLayer\Managers\ParticleManager\ParticleManager.cpp">
      <Filter>EngineLayer\Managers\ParticleManager</Filter>
    </ClCompile>
    <ClCompile Include="EngineLayer\Managers\ResourceManager\ResourceManager.cpp">
      <Filter>EngineLayer\Managers\ResourceManager</Filter>
    </ClCompile>
    <ClCompile Include="EngineLayer\Managers\RTVManager\RTVManager.cpp">
      <Filter>EngineLayer\Managers\RTVManager</Filter>
    </ClCompile>
    <ClCompile Include="EngineLayer\3D\SkyBox\SkyBoxManager.cpp">
      <Filter>EngineLayer\3D\SkyBox</Filter>
    </ClCompile>
    <ClCompile Include="EngineLayer\Managers\SRVManager\SRVManager.cpp">
      <Filter>EngineLayer\Managers\SRVManager</Filter>
    </ClCompile>
    <ClCompile Include="EngineLayer\Managers\TextureManager\TextureManager.cpp">
      <Filter>EngineLayer\Managers\TextureManager</Filter>
    </ClCompile>
    <ClCompile Include="EngineLayer\Managers\UAVManager\UAVManager.cpp">
      <Filter>EngineLayer\Managers\UAVManager</Filter>
    </ClCompile>
    <ClCompile Include="EngineLayer\PostEffectManagement\PostEffectManager\PostEffectManager.cpp">
      <Filter>EngineLayer\Managers\PostEffectManager</Filter>
    </ClCompile>
    <ClCompile Include="ApplicationLayer\EffectLayer\FadeController.cpp">
      <Filter>ApplicationLayer\EffectLayer</Filter>
    </ClCompile>
    <ClCompile Include="ApplicationLayer\Scene\StageSelectScene\GridStageSelector.cpp">
      <Filter>ApplicationLayer\Scene\StageSelectScene</Filter>
    </ClCompile>
    <ClCompile Include="ApplicationLayer\Scene\StageSelectScene\IStageSelector.cpp">
      <Filter>ApplicationLayer\Scene\StageSelectScene</Filter>
    </ClCompile>
    <ClCompile Include="ApplicationLayer\Scene\StageSelectScene\StageRepository.cpp">
      <Filter>ApplicationLayer\Scene\StageSelectScene</Filter>
    </ClCompile>
    <ClCompile Include="ApplicationLayer\Scene\StageSelectScene\StageSelectScene.cpp">
      <Filter>ApplicationLayer\Scene\StageSelectScene</Filter>
    </ClCompile>
    <ClCompile Include="ApplicationLayer\Scene\StageSelectScene\WorldMapScene.cpp">
      <Filter>ApplicationLayer\Scene\StageSelectScene</Filter>
    </ClCompile>
    <ClCompile Include="ApplicationLayer\Scene\StageSelectScene\WorldMapStageSelector.cpp">
      <Filter>ApplicationLayer\Scene\StageSelectScene</Filter>
    </ClCompile>
    <ClCompile Include="ApplicationLayer\Character\BaseCharacter\BaseCharacter.cpp">
      <Filter>ApplicationLayer\Character\BaseCharacter</Filter>
    </ClCompile>
    <ClCompile Include="EngineLayer\WorldTransform\WorldTransformEx.cpp">
      <Filter>EngineLayer\Transform</Filter>
    </ClCompile>
    <ClCompile Include="ApplicationLayer\EffectLayer\ModelParticle.cpp">
      <Filter>ApplicationLayer\EffectLayer</Filter>
    </ClCompile>
    <ClCompile Include="ApplicationLayer\WeaponSystem\BallisticEffect\BallisticEffect.cpp">
      <Filter>ApplicationLayer\WeaponSystem\BallisticEffect</Filter>
    </ClCompile>
    <ClCompile Include="ApplicationLayer\WeaponSystem\PistolWeapon\PistolWeapon.cpp">
      <Filter>ApplicationLayer\WeaponSystem\PistolWeapon</Filter>
    </ClCompile>
    <ClCompile Include="ApplicationLayer\WeaponSystem\Weapon\Weapon.cpp">
      <Filter>ApplicationLayer\WeaponSystem\Weapon</Filter>
    </ClCompile>
    <ClCompile Include="ApplicationLayer\WeaponSystem\BaseWeapon\BaseWeapon.cpp">
      <Filter>ApplicationLayer\WeaponSystem\BaseWeapon</Filter>
    </ClCompile>
  </ItemGroup>
  <ItemGroup>
    <ClInclude Include="EngineLayer\Math\MultipleStructs\AABB.h">
      <Filter>EngineLayer\Math</Filter>
    </ClInclude>
    <ClInclude Include="EngineLayer\Math\MultipleStructs\OBB.h">
      <Filter>EngineLayer\Math</Filter>
    </ClInclude>
    <ClInclude Include="EngineLayer\Math\MultipleStructs\Segment.h">
      <Filter>EngineLayer\Math</Filter>
    </ClInclude>
    <ClInclude Include="EngineLayer\Math\MultipleStructs\LinearInterpolation.h">
      <Filter>EngineLayer\Math</Filter>
    </ClInclude>
    <ClInclude Include="Externals\Audio\minimp3\minimp3.h">
      <Filter>Externals\minimp3</Filter>
    </ClInclude>
    <ClInclude Include="Externals\Audio\minimp3\minimp3_ex.h">
      <Filter>Externals\minimp3</Filter>
    </ClInclude>
    <ClInclude Include="EngineLayer\Audio\AudioCategory.h">
      <Filter>EngineLayer\Audio</Filter>
    </ClInclude>
    <ClInclude Include="EngineLayer\Audio\AudioStructs.h">
      <Filter>EngineLayer\Audio</Filter>
    </ClInclude>
    <ClInclude Include="EngineLayer\Audio\MP3Loader.h">
      <Filter>EngineLayer\Audio</Filter>
    </ClInclude>
    <ClInclude Include="EngineLayer\Audio\WavLoader.h">
      <Filter>EngineLayer\Audio</Filter>
    </ClInclude>
    <ClInclude Include="EngineLayer\Audio\WavLoaderException.h">
      <Filter>EngineLayer\Audio</Filter>
    </ClInclude>
    <ClInclude Include="EngineLayer\Math\MultipleStructs\Plane.h">
      <Filter>EngineLayer\Math</Filter>
    </ClInclude>
    <ClInclude Include="EngineLayer\Math\MultipleStructs\Sphere.h">
      <Filter>EngineLayer\Math</Filter>
    </ClInclude>
    <ClInclude Include="EngineLayer\Math\MultipleStructs\Triangle.h">
      <Filter>EngineLayer\Math</Filter>
    </ClInclude>
    <ClInclude Include="EngineLayer\WorldTransform\ParticleTransform.h">
      <Filter>EngineLayer\Transform</Filter>
    </ClInclude>
    <ClInclude Include="EngineLayer\WorldTransform\WorldTransform.h">
      <Filter>EngineLayer\Transform</Filter>
    </ClInclude>
    <ClInclude Include="EngineLayer\Mesh\Mesh.h">
      <Filter>EngineLayer\Mesh</Filter>
    </ClInclude>
    <ClInclude Include="EngineLayer\Mesh\ParticleMesh.h">
      <Filter>EngineLayer\Mesh</Filter>
    </ClInclude>
    <ClInclude Include="EngineLayer\Mesh\AnimationMesh.h">
      <Filter>EngineLayer\Mesh</Filter>
    </ClInclude>
    <ClInclude Include="EngineLayer\Input\Input.h">
      <Filter>EngineLayer\Input</Filter>
    </ClInclude>
    <ClInclude Include="EngineLayer\Material\Material.h">
      <Filter>EngineLayer\Material</Filter>
    </ClInclude>
    <ClInclude Include="EngineLayer\Material\ParticleMaterial.h">
      <Filter>EngineLayer\Material</Filter>
    </ClInclude>
    <ClInclude Include="EngineLayer\ParticleManagement\ParticleEffectType.h">
      <Filter>EngineLayer\Particle</Filter>
    </ClInclude>
    <ClInclude Include="EngineLayer\ParticleManagement\ParticleFactory.h">
      <Filter>EngineLayer\Particle</Filter>
    </ClInclude>
    <ClInclude Include="ApplicationLayer\Crosshair\Crosshair.h">
      <Filter>ApplicationLayer\Crosshair</Filter>
    </ClInclude>
    <ClInclude Include="ApplicationLayer\Colliders\Collider.h">
      <Filter>ApplicationLayer\Colliders</Filter>
    </ClInclude>
    <ClInclude Include="ApplicationLayer\Colliders\CollisionManager.h">
      <Filter>ApplicationLayer\Colliders</Filter>
    </ClInclude>
    <ClInclude Include="ApplicationLayer\Colliders\CollisionTypeIdDef.h">
      <Filter>ApplicationLayer\Colliders</Filter>
    </ClInclude>
    <ClInclude Include="ApplicationLayer\Colliders\CollisionUtility.h">
      <Filter>ApplicationLayer\Colliders</Filter>
    </ClInclude>
    <ClInclude Include="ApplicationLayer\Colliders\ContactRecord.h">
      <Filter>ApplicationLayer\Colliders</Filter>
    </ClInclude>
    <ClInclude Include="ApplicationLayer\Colliders\IDGenerator.h">
      <Filter>ApplicationLayer\Colliders</Filter>
    </ClInclude>
    <ClInclude Include="ApplicationLayer\Item\Item.h">
      <Filter>ApplicationLayer\Item</Filter>
    </ClInclude>
    <ClInclude Include="ApplicationLayer\Item\ItemDropTable.h">
      <Filter>ApplicationLayer\Item</Filter>
    </ClInclude>
    <ClInclude Include="ApplicationLayer\Item\ItemType.h">
      <Filter>ApplicationLayer\Item</Filter>
    </ClInclude>
    <ClInclude Include="ApplicationLayer\Character\Player\Player.h">
      <Filter>ApplicationLayer\Character\Player</Filter>
    </ClInclude>
    <ClInclude Include="ApplicationLayer\ReloadCircle\ReloadCircle.h">
      <Filter>ApplicationLayer\ReloadCircle</Filter>
    </ClInclude>
    <ClInclude Include="ApplicationLayer\EffectLayer\Emitter.h">
      <Filter>ApplicationLayer\EffectLayer</Filter>
    </ClInclude>
    <ClInclude Include="ApplicationLayer\ResultManager\ResultManager.h">
      <Filter>ApplicationLayer\ResultManager</Filter>
    </ClInclude>
    <ClInclude Include="ApplicationLayer\ScoreManager\ScoreManager.h">
      <Filter>ApplicationLayer\ScoreManager</Filter>
    </ClInclude>
    <ClInclude Include="ApplicationLayer\EffectLayer\ParticleEmitter.h">
      <Filter>ApplicationLayer\EffectLayer</Filter>
    </ClInclude>
    <ClInclude Include="ApplicationLayer\EffectLayer\Particle.h">
      <Filter>ApplicationLayer\EffectLayer</Filter>
    </ClInclude>
    <ClInclude Include="EngineLayer\FPSCounter\FPSCounter.h">
      <Filter>EngineLayer\FPSCounter</Filter>
    </ClInclude>
    <ClInclude Include="EngineLayer\Math\MultipleStructs\Capsule.h">
      <Filter>EngineLayer\Math</Filter>
    </ClInclude>
    <ClInclude Include="EngineLayer\Math\Vectors\Vector2.h">
      <Filter>EngineLayer\Math\Vectors</Filter>
    </ClInclude>
    <ClInclude Include="EngineLayer\Math\Vectors\Vector3.h">
      <Filter>EngineLayer\Math\Vectors</Filter>
    </ClInclude>
    <ClInclude Include="EngineLayer\Math\Vectors\Vector4.h">
      <Filter>EngineLayer\Math\Vectors</Filter>
    </ClInclude>
    <ClInclude Include="EngineLayer\Math\Matrix\Matrix4x4.h">
      <Filter>EngineLayer\Math\Matrix</Filter>
    </ClInclude>
    <ClInclude Include="EngineLayer\Math\Quaternion\Quaternion.h">
      <Filter>EngineLayer\Math\Quaternion</Filter>
    </ClInclude>
    <ClInclude Include="EngineLayer\PostEffectManagement\AbsorbEffect\AbsorbEffect.h">
      <Filter>EngineLayer\PostEffectManagement\AbsorbEffect</Filter>
    </ClInclude>
    <ClInclude Include="EngineLayer\PostEffectManagement\DepthOutlineEffect\DepthOutlineEffect.h">
      <Filter>EngineLayer\PostEffectManagement\DepthOutlineEffect</Filter>
    </ClInclude>
    <ClInclude Include="EngineLayer\PostEffectManagement\DissolveEffect\DissolveEffect.h">
      <Filter>EngineLayer\PostEffectManagement\DissolveEffect</Filter>
    </ClInclude>
    <ClInclude Include="EngineLayer\PostEffectManagement\GaussianFilterEffect\GaussianFilterEffect.h">
      <Filter>EngineLayer\PostEffectManagement\GaussianFilterEffect</Filter>
    </ClInclude>
    <ClInclude Include="EngineLayer\PostEffectManagement\GrayScaleEffect\GrayScaleEffect.h">
      <Filter>EngineLayer\PostEffectManagement\GrayScaleEffect</Filter>
    </ClInclude>
    <ClInclude Include="EngineLayer\PostEffectManagement\IPostEffect\IPostEffect.h">
      <Filter>EngineLayer\PostEffectManagement\IPostEffect</Filter>
    </ClInclude>
    <ClInclude Include="EngineLayer\PostEffectManagement\LuminanceOutlineEffect\LuminanceOutlineEffect.h">
      <Filter>EngineLayer\PostEffectManagement\LuminanceOutlineEffect</Filter>
    </ClInclude>
    <ClInclude Include="EngineLayer\PostEffectManagement\NormalEffect\NormalEffect.h">
      <Filter>EngineLayer\PostEffectManagement\NormalEffect</Filter>
    </ClInclude>
    <ClInclude Include="EngineLayer\PostEffectManagement\PostEffectPipelineBuilder\PostEffectPipelineBuilder.h">
      <Filter>EngineLayer\PostEffectManagement\PostEffectManagement</Filter>
    </ClInclude>
    <ClInclude Include="EngineLayer\PostEffectManagement\RadialBlurEffect\RadialBlurEffect.h">
      <Filter>EngineLayer\PostEffectManagement\RadialBlurEffect</Filter>
    </ClInclude>
    <ClInclude Include="EngineLayer\PostEffectManagement\RandomEffect\RandomEffect.h">
      <Filter>EngineLayer\PostEffectManagement\RandomEffect</Filter>
    </ClInclude>
    <ClInclude Include="EngineLayer\PostEffectManagement\SmoothingEffect\SmoothingEffect.h">
      <Filter>EngineLayer\PostEffectManagement\SmoothingEffect</Filter>
    </ClInclude>
    <ClInclude Include="EngineLayer\PostEffectManagement\VignetteEffect\VignetteEffect.h">
      <Filter>EngineLayer\PostEffectManagement\VignetteEffect</Filter>
    </ClInclude>
    <ClInclude Include="ApplicationLayer\Scene\GameClearScene\GameClearScene.h">
      <Filter>ApplicationLayer\Scene\GameClearScene</Filter>
    </ClInclude>
    <ClInclude Include="ApplicationLayer\Scene\GameOverScene\GameOverScene.h">
      <Filter>ApplicationLayer\Scene\GameOverScene</Filter>
    </ClInclude>
    <ClInclude Include="ApplicationLayer\Scene\GamePlayScene\GamePlayScene.h">
      <Filter>ApplicationLayer\Scene\GamePlayScene</Filter>
    </ClInclude>
    <ClInclude Include="ApplicationLayer\Scene\PhysicalScene\PhysicalScene.h">
      <Filter>ApplicationLayer\Scene\PhysicalScene</Filter>
    </ClInclude>
    <ClInclude Include="ApplicationLayer\Scene\TitleScene\TitleScene.h">
      <Filter>ApplicationLayer\Scene\TitleScene</Filter>
    </ClInclude>
    <ClInclude Include="ApplicationLayer\SceneManagement\AbstractSceneFactory\AbstractSceneFactory.h">
      <Filter>ApplicationLayer\SceneManager\AbstractSceneFactory</Filter>
    </ClInclude>
    <ClInclude Include="ApplicationLayer\SceneManagement\BaseScene\BaseScene.h">
      <Filter>ApplicationLayer\SceneManager\BaseScene</Filter>
    </ClInclude>
    <ClInclude Include="ApplicationLayer\SceneManagement\SceneFactory\SceneFactory.h">
      <Filter>ApplicationLayer\SceneManager\SceneFactory</Filter>
    </ClInclude>
    <ClInclude Include="ApplicationLayer\SceneManagement\SceneManager\SceneManager.h">
      <Filter>ApplicationLayer\SceneManager\SceneManager</Filter>
    </ClInclude>
    <ClInclude Include="EngineLayer\2D\Sprite\NumberSpriteDrawer.h">
      <Filter>EngineLayer\2D\Sprite</Filter>
    </ClInclude>
    <ClInclude Include="EngineLayer\2D\Sprite\Sprite.h">
      <Filter>EngineLayer\2D\Sprite</Filter>
    </ClInclude>
    <ClInclude Include="EngineLayer\2D\Sprite\SpriteManager.h">
      <Filter>EngineLayer\2D\Sprite</Filter>
    </ClInclude>
    <ClInclude Include="EngineLayer\3D\LevelData\LevelData.h">
      <Filter>EngineLayer\3D\LevelData</Filter>
    </ClInclude>
    <ClInclude Include="EngineLayer\3D\LevelData\LevelLoader.h">
      <Filter>EngineLayer\3D\LevelData</Filter>
    </ClInclude>
    <ClInclude Include="EngineLayer\3D\LevelData\LevelObjectManager.h">
      <Filter>EngineLayer\3D\LevelData</Filter>
    </ClInclude>
    <ClInclude Include="EngineLayer\3D\Object3D\Object3D.h">
      <Filter>EngineLayer\3D\Object3D</Filter>
    </ClInclude>
    <ClInclude Include="EngineLayer\3D\Object3D\Object3DCommon.h">
      <Filter>EngineLayer\3D\Object3D</Filter>
    </ClInclude>
    <ClInclude Include="EngineLayer\3D\SkyBox\SkyBox.h">
      <Filter>EngineLayer\3D\SkyBox</Filter>
    </ClInclude>
    <ClInclude Include="EngineLayer\3D\Wireframe\Wireframe.h">
      <Filter>EngineLayer\3D\Wireframe</Filter>
    </ClInclude>
    <ClInclude Include="EngineLayer\3D\AnimationManagement\AnimationModel.h">
      <Filter>EngineLayer\3D\AnimationManagement</Filter>
    </ClInclude>
    <ClInclude Include="EngineLayer\3D\AnimationManagement\AnimationPipelineBuilder.h">
      <Filter>EngineLayer\3D\AnimationManagement</Filter>
    </ClInclude>
    <ClInclude Include="EngineLayer\3D\AnimationManagement\Skeleton.h">
      <Filter>EngineLayer\3D\AnimationManagement</Filter>
    </ClInclude>
    <ClInclude Include="EngineLayer\3D\AnimationManagement\SkinCluster.h">
      <Filter>EngineLayer\3D\AnimationManagement</Filter>
    </ClInclude>
    <ClInclude Include="EngineLayer\Base\BlendStateFactory\BlendStateFactory.h">
      <Filter>EngineLayer\Base\BlendStateFactory</Filter>
    </ClInclude>
    <ClInclude Include="EngineLayer\Base\DirectXCommon\DirectXCommon.h">
      <Filter>EngineLayer\Base\DirectXCommon</Filter>
    </ClInclude>
    <ClInclude Include="EngineLayer\Base\DX12CommandManager\DX12CommandManager.h">
      <Filter>EngineLayer\Base\DX12CommandManager</Filter>
    </ClInclude>
    <ClInclude Include="EngineLayer\Base\DX12Device\DX12Device.h">
      <Filter>EngineLayer\Base\DX12Device</Filter>
    </ClInclude>
    <ClInclude Include="EngineLayer\Base\DX12FenceManager\DX12FenceManager.h">
      <Filter>EngineLayer\Base\DX12FenceManager</Filter>
    </ClInclude>
    <ClInclude Include="EngineLayer\Base\DX12SwapChain\DX12SwapChain.h">
      <Filter>EngineLayer\Base\DX12SwapChain</Filter>
    </ClInclude>
    <ClInclude Include="EngineLayer\Base\DXCCompilerManager\DXCCompilerManager.h">
      <Filter>EngineLayer\Base\DXCCompilerManager</Filter>
    </ClInclude>
    <ClInclude Include="EngineLayer\Base\MultipleStructs\BlendModeType.h">
      <Filter>EngineLayer\Base\MultipleStructs</Filter>
    </ClInclude>
    <ClInclude Include="EngineLayer\Base\MultipleStructs\DX12Include.h">
      <Filter>EngineLayer\Base\MultipleStructs</Filter>
    </ClInclude>
    <ClInclude Include="EngineLayer\Base\MultipleStructs\ModelData.h">
      <Filter>EngineLayer\Base\MultipleStructs</Filter>
    </ClInclude>
    <ClInclude Include="EngineLayer\Base\MultipleStructs\VertexData.h">
      <Filter>EngineLayer\Base\MultipleStructs</Filter>
    </ClInclude>
    <ClInclude Include="EngineLayer\Base\MultipleStructs\TransformationMatrix.h">
      <Filter>EngineLayer\Base\MultipleStructs</Filter>
    </ClInclude>
    <ClInclude Include="EngineLayer\Base\ShaderCompiler\ShaderCompiler.h">
      <Filter>EngineLayer\Base\ShaderCompiler</Filter>
    </ClInclude>
    <ClInclude Include="EngineLayer\CameraManagement\Camera\Camera.h">
      <Filter>EngineLayer\CameraManagement\Camera</Filter>
    </ClInclude>
    <ClInclude Include="EngineLayer\CameraManagement\DebugCamera\DebugCamera.h">
      <Filter>EngineLayer\CameraManagement\DebugCamera</Filter>
    </ClInclude>
    <ClInclude Include="EngineLayer\CameraManagement\FPSCamera\FpsCamera.h">
      <Filter>EngineLayer\CameraManagement\FpsCamera</Filter>
    </ClInclude>
    <ClInclude Include="EngineLayer\FrameworkLayer\Framework\Framework.h">
      <Filter>EngineLayer\FrameworkLayer\Framework</Filter>
    </ClInclude>
    <ClInclude Include="EngineLayer\FrameworkLayer\Framework\GameEngine.h">
      <Filter>EngineLayer\FrameworkLayer\Framework</Filter>
    </ClInclude>
    <ClInclude Include="EngineLayer\FrameworkLayer\Log\LogString.h">
      <Filter>EngineLayer\FrameworkLayer\Log</Filter>
    </ClInclude>
    <ClInclude Include="EngineLayer\FrameworkLayer\WindowsAPI\WinApp.h">
      <Filter>EngineLayer\FrameworkLayer\WindowsAPI</Filter>
    </ClInclude>
    <ClInclude Include="EngineLayer\ResourceChecker\LeakCheck\D3DResourceLeakChecker.h">
      <Filter>EngineLayer\ResourceChecker</Filter>
    </ClInclude>
    <ClInclude Include="EngineLayer\ResourceChecker\ReleaseCheck\ResourceObject.h">
      <Filter>EngineLayer\ResourceChecker</Filter>
    </ClInclude>
    <ClInclude Include="EngineLayer\Audio\AudioManager.h">
      <Filter>EngineLayer\Audio</Filter>
    </ClInclude>
    <ClInclude Include="ApplicationLayer\Scene\GamePlayScene\HUDManager\HUDManager.h">
      <Filter>ApplicationLayer\Scene\GamePlayScene\HUDManager</Filter>
    </ClInclude>
    <ClInclude Include="EngineLayer\Managers\ModelManager\AssimpLoader.h">
      <Filter>EngineLayer\Managers\ModelManager</Filter>
    </ClInclude>
    <ClInclude Include="EngineLayer\Managers\ModelManager\ModelManager.h">
      <Filter>EngineLayer\Managers\ModelManager</Filter>
    </ClInclude>
    <ClInclude Include="EngineLayer\Managers\DSVManager\DSVManager.h">
      <Filter>EngineLayer\Managers\DSVManager</Filter>
    </ClInclude>
    <ClInclude Include="EngineLayer\Managers\ImGuiManager\ImGuiManager.h">
      <Filter>EngineLayer\Managers\ImGuiManager</Filter>
    </ClInclude>
    <ClInclude Include="ApplicationLayer\Item\ItemManager.h">
      <Filter>ApplicationLayer\Item</Filter>
    </ClInclude>
    <ClInclude Include="EngineLayer\Managers\LightManager\LightManager.h">
      <Filter>EngineLayer\Managers\LightManager</Filter>
    </ClInclude>
    <ClInclude Include="EngineLayer\Managers\ParameterManager\ParameterManager.h">
      <Filter>EngineLayer\Managers\ParameterManager</Filter>
    </ClInclude>
    <ClInclude Include="EngineLayer\Managers\ParticleManager\ParticleManager.h">
      <Filter>EngineLayer\Managers\ParticleManager</Filter>
    </ClInclude>
    <ClInclude Include="EngineLayer\Managers\ResourceManager\ResourceManager.h">
      <Filter>EngineLayer\Managers\ResourceManager</Filter>
    </ClInclude>
    <ClInclude Include="EngineLayer\Managers\RTVManager\RTVManager.h">
      <Filter>EngineLayer\Managers\RTVManager</Filter>
    </ClInclude>
    <ClInclude Include="EngineLayer\3D\SkyBox\SkyBoxManager.h">
      <Filter>EngineLayer\3D\SkyBox</Filter>
    </ClInclude>
    <ClInclude Include="EngineLayer\Managers\SRVManager\SRVManager.h">
      <Filter>EngineLayer\Managers\SRVManager</Filter>
    </ClInclude>
    <ClInclude Include="EngineLayer\Managers\TextureManager\TextureManager.h">
      <Filter>EngineLayer\Managers\TextureManager</Filter>
    </ClInclude>
    <ClInclude Include="EngineLayer\Managers\UAVManager\UAVManager.h">
      <Filter>EngineLayer\Managers\UAVManager</Filter>
    </ClInclude>
    <ClInclude Include="EngineLayer\PostEffectManagement\PostEffectManager\PostEffectManager.h">
      <Filter>EngineLayer\Managers\PostEffectManager</Filter>
    </ClInclude>
    <ClInclude Include="ApplicationLayer\EffectLayer\FadeController.h">
      <Filter>ApplicationLayer\EffectLayer</Filter>
    </ClInclude>
    <ClInclude Include="ApplicationLayer\Scene\StageSelectScene\GridStageSelector.h">
      <Filter>ApplicationLayer\Scene\StageSelectScene</Filter>
    </ClInclude>
    <ClInclude Include="ApplicationLayer\Scene\StageSelectScene\IStageSelector.h">
      <Filter>ApplicationLayer\Scene\StageSelectScene</Filter>
    </ClInclude>
    <ClInclude Include="ApplicationLayer\Scene\StageSelectScene\StageRepository.h">
      <Filter>ApplicationLayer\Scene\StageSelectScene</Filter>
    </ClInclude>
    <ClInclude Include="ApplicationLayer\Scene\StageSelectScene\StageSelectScene.h">
      <Filter>ApplicationLayer\Scene\StageSelectScene</Filter>
    </ClInclude>
    <ClInclude Include="ApplicationLayer\Scene\StageSelectScene\WorldMapScene.h">
      <Filter>ApplicationLayer\Scene\StageSelectScene</Filter>
    </ClInclude>
    <ClInclude Include="ApplicationLayer\Scene\StageSelectScene\WorldMapStageSelector.h">
      <Filter>ApplicationLayer\Scene\StageSelectScene</Filter>
    </ClInclude>
    <ClInclude Include="ApplicationLayer\Character\BaseCharacter\BaseCharacter.h">
      <Filter>ApplicationLayer\Character\BaseCharacter</Filter>
    </ClInclude>
    <ClInclude Include="EngineLayer\WorldTransform\WorldTransformEx.h">
      <Filter>EngineLayer\Transform</Filter>
    </ClInclude>
    <ClInclude Include="ApplicationLayer\EffectLayer\ModelParticle.h">
      <Filter>ApplicationLayer\EffectLayer</Filter>
    </ClInclude>
    <ClInclude Include="ApplicationLayer\WeaponSystem\BallisticEffect\BallisticEffect.h">
      <Filter>ApplicationLayer\WeaponSystem\BallisticEffect</Filter>
    </ClInclude>
    <ClInclude Include="ApplicationLayer\WeaponSystem\PistolWeapon\PistolWeapon.h">
      <Filter>ApplicationLayer\WeaponSystem\PistolWeapon</Filter>
    </ClInclude>
    <ClInclude Include="ApplicationLayer\WeaponSystem\Weapon\Weapon.h">
      <Filter>ApplicationLayer\WeaponSystem\Weapon</Filter>
    </ClInclude>
    <ClInclude Include="ApplicationLayer\WeaponSystem\BaseWeapon\BaseWeapon.h">
      <Filter>ApplicationLayer\WeaponSystem\BaseWeapon</Filter>
    </ClInclude>
    <ClInclude Include="ApplicationLayer\WeaponSystem\Weapon\WeaponDatas\CasingData.h">
      <Filter>ApplicationLayer\WeaponSystem\Weapon\WeaponDatas</Filter>
    </ClInclude>
    <ClInclude Include="ApplicationLayer\WeaponSystem\Weapon\WeaponDatas\MuzzleData.h">
      <Filter>ApplicationLayer\WeaponSystem\Weapon\WeaponDatas</Filter>
    </ClInclude>
    <ClInclude Include="ApplicationLayer\WeaponSystem\Weapon\WeaponDatas\TracerData.h">
      <Filter>ApplicationLayer\WeaponSystem\Weapon\WeaponDatas</Filter>
    </ClInclude>
    <ClInclude Include="ApplicationLayer\WeaponSystem\Weapon\WeaponDatas\WeaponData.h">
      <Filter>ApplicationLayer\WeaponSystem\Weapon\WeaponDatas</Filter>
    </ClInclude>
    <ClInclude Include="ApplicationLayer\WeaponSystem\WeaponConfig\TracerSettings.h" />
    <ClInclude Include="ApplicationLayer\WeaponSystem\WeaponConfig\MuzzleFlashSettings.h" />
    <ClInclude Include="ApplicationLayer\WeaponSystem\WeaponConfig\CasingSettings.h" />
    <ClInclude Include="ApplicationLayer\WeaponSystem\WeaponConfig\WeaponConfig.h" />
  </ItemGroup>
  <ItemGroup>
    <None Include="Resources\Shaders\PostEffect\FullScreen.hlsli">
      <Filter>Shader\Hlsli</Filter>
    </None>
    <None Include="Resources\Shaders\Object3D\Object3d.hlsli">
      <Filter>Shader\Hlsli</Filter>
    </None>
    <None Include="Resources\Shaders\Particle\Particle.hlsli">
      <Filter>Shader\Hlsli</Filter>
    </None>
    <None Include="Resources\Shaders\Skinning\SkinningObject3d.hlsli">
      <Filter>Shader\Hlsli</Filter>
    </None>
    <None Include="Resources\Shaders\SkyBox\SkyBox.hlsli">
      <Filter>Shader\Hlsli</Filter>
    </None>
    <None Include="Resources\Shaders\Sprite\Sprite.hlsli">
      <Filter>Shader\Hlsli</Filter>
    </None>
    <None Include="Resources\Shaders\Wireframe\Wireframe.hlsli">
      <Filter>Shader\Hlsli</Filter>
    </None>
  </ItemGroup>
  <ItemGroup>
    <Filter Include="Shader">
      <UniqueIdentifier>{4446ba08-252a-48a6-a2ee-2b5d83326bb8}</UniqueIdentifier>
    </Filter>
    <Filter Include="Shader\PixelShader">
      <UniqueIdentifier>{1470c344-46ec-4b4c-9fdf-20fe30cd29a5}</UniqueIdentifier>
    </Filter>
    <Filter Include="Shader\VertexShader">
      <UniqueIdentifier>{13d8bfda-ff5c-450e-ad90-3ab3c2877347}</UniqueIdentifier>
    </Filter>
    <Filter Include="Shader\Hlsli">
      <UniqueIdentifier>{f716f1cc-0aff-4c59-90a6-bf3fb94989fc}</UniqueIdentifier>
    </Filter>
    <Filter Include="Externals">
      <UniqueIdentifier>{3c632183-3559-49b5-88a9-b5d94ba5f84b}</UniqueIdentifier>
    </Filter>
    <Filter Include="Externals\minimp3">
      <UniqueIdentifier>{495fae69-f787-4db3-af32-fe913ffeb2b4}</UniqueIdentifier>
    </Filter>
    <Filter Include="EngineLayer">
      <UniqueIdentifier>{da5cdd68-e8e8-499a-94c9-54d7d14244c2}</UniqueIdentifier>
    </Filter>
    <Filter Include="EngineLayer\Math">
      <UniqueIdentifier>{aa5f1571-6cdc-4116-ad67-88dfd581e693}</UniqueIdentifier>
    </Filter>
    <Filter Include="EngineLayer\PostEffectManagement">
      <UniqueIdentifier>{abaa6d8b-7ffa-4d37-aaf0-a9d23fb0c2a5}</UniqueIdentifier>
    </Filter>
    <Filter Include="EngineLayer\Managers">
      <UniqueIdentifier>{b77c4b7f-b178-42a6-b5d5-5cfc19bf0a09}</UniqueIdentifier>
    </Filter>
    <Filter Include="EngineLayer\Audio">
      <UniqueIdentifier>{a8e6a947-9987-45ee-a72b-cea14d6ad1d0}</UniqueIdentifier>
    </Filter>
    <Filter Include="ApplicationLayer">
      <UniqueIdentifier>{9c673502-63ce-4a0e-8cd4-12a1564cd777}</UniqueIdentifier>
    </Filter>
    <Filter Include="EngineLayer\Transform">
      <UniqueIdentifier>{f8c23784-045b-4c1e-b0f1-d308508831e0}</UniqueIdentifier>
    </Filter>
    <Filter Include="EngineLayer\Mesh">
      <UniqueIdentifier>{52778210-e4bd-46b9-b446-c375fe68a712}</UniqueIdentifier>
    </Filter>
    <Filter Include="EngineLayer\2D">
      <UniqueIdentifier>{6052c5a7-3d63-41fe-82c2-652b9abcd514}</UniqueIdentifier>
    </Filter>
    <Filter Include="EngineLayer\3D">
      <UniqueIdentifier>{d33c12ee-2e79-4d2a-9d5d-f1a935d4a5ba}</UniqueIdentifier>
    </Filter>
    <Filter Include="EngineLayer\Input">
      <UniqueIdentifier>{f813f105-a79e-49da-aa48-2a380543d503}</UniqueIdentifier>
    </Filter>
    <Filter Include="EngineLayer\Particle">
      <UniqueIdentifier>{a8d87674-267f-42b9-b508-de3cdd8578cd}</UniqueIdentifier>
    </Filter>
    <Filter Include="ApplicationLayer\Colliders">
      <UniqueIdentifier>{0c178ba0-5b54-4d9e-9492-3b93993b00b5}</UniqueIdentifier>
    </Filter>
    <Filter Include="ApplicationLayer\Crosshair">
      <UniqueIdentifier>{0466c132-fa3c-49c5-8f44-8f63dfbb4c16}</UniqueIdentifier>
    </Filter>
    <Filter Include="ApplicationLayer\EffectLayer">
      <UniqueIdentifier>{ba8af9aa-94fd-4aaf-8cc7-4f030e743e2d}</UniqueIdentifier>
    </Filter>
    <Filter Include="ApplicationLayer\Item">
      <UniqueIdentifier>{025c2654-d662-4906-b53f-75721901c9b5}</UniqueIdentifier>
    </Filter>
    <Filter Include="ApplicationLayer\ReloadCircle">
      <UniqueIdentifier>{28c95605-c9f2-44e5-94d0-86aca3440279}</UniqueIdentifier>
    </Filter>
    <Filter Include="ApplicationLayer\ResultManager">
      <UniqueIdentifier>{4c1e2d8e-c147-4afd-b5ae-eb649ecdd76a}</UniqueIdentifier>
    </Filter>
    <Filter Include="ApplicationLayer\Scene">
      <UniqueIdentifier>{2c06b534-d429-48a2-9781-834affe90ebd}</UniqueIdentifier>
    </Filter>
    <Filter Include="ApplicationLayer\SceneManager">
      <UniqueIdentifier>{2c5f873b-2150-4c54-891e-76240279990c}</UniqueIdentifier>
    </Filter>
    <Filter Include="ApplicationLayer\ScoreManager">
      <UniqueIdentifier>{96740e9e-b4e9-45c4-9895-87d816c0dfd6}</UniqueIdentifier>
    </Filter>
    <Filter Include="EngineLayer\Base">
      <UniqueIdentifier>{9fb2ab48-77e4-4261-b2f9-3ba78a193bd9}</UniqueIdentifier>
    </Filter>
    <Filter Include="EngineLayer\FPSCounter">
      <UniqueIdentifier>{9ccd4517-4428-4ced-832a-19c26d4b31ac}</UniqueIdentifier>
    </Filter>
    <Filter Include="EngineLayer\Material">
      <UniqueIdentifier>{07337d24-a7ba-41d0-81e0-e1f32ba723ab}</UniqueIdentifier>
    </Filter>
    <Filter Include="Shader\ComputeShader">
      <UniqueIdentifier>{fb1e0abe-9c76-4100-adce-67e4769c07b9}</UniqueIdentifier>
    </Filter>
    <Filter Include="EngineLayer\Math\Vectors">
      <UniqueIdentifier>{b6898a6b-b1d7-4eff-aac2-eaf2125b7972}</UniqueIdentifier>
    </Filter>
    <Filter Include="EngineLayer\Math\Matrix">
      <UniqueIdentifier>{e7fc4062-54b7-4abe-a5dc-52c769416831}</UniqueIdentifier>
    </Filter>
    <Filter Include="EngineLayer\Math\Quaternion">
      <UniqueIdentifier>{02fc266a-d32b-45a3-b932-f015140a08b1}</UniqueIdentifier>
    </Filter>
    <Filter Include="EngineLayer\PostEffectManagement\AbsorbEffect">
      <UniqueIdentifier>{ded8346d-264e-43cf-be5f-b13f8680d561}</UniqueIdentifier>
    </Filter>
    <Filter Include="EngineLayer\PostEffectManagement\DepthOutlineEffect">
      <UniqueIdentifier>{e37f6c25-0d53-4ba5-a7aa-7599e81b2cb8}</UniqueIdentifier>
    </Filter>
    <Filter Include="EngineLayer\PostEffectManagement\DissolveEffect">
      <UniqueIdentifier>{0fb737ba-7184-4eac-becf-7f69246ad6e2}</UniqueIdentifier>
    </Filter>
    <Filter Include="EngineLayer\PostEffectManagement\GaussianFilterEffect">
      <UniqueIdentifier>{0769675f-18cb-41b5-8cf0-f7dedc9bc440}</UniqueIdentifier>
    </Filter>
    <Filter Include="EngineLayer\PostEffectManagement\GrayScaleEffect">
      <UniqueIdentifier>{3def1f49-6f1b-4164-8ff6-d4caae546ac8}</UniqueIdentifier>
    </Filter>
    <Filter Include="EngineLayer\PostEffectManagement\IPostEffect">
      <UniqueIdentifier>{ebaeda25-3a83-4a0f-91d9-ea82f722e35c}</UniqueIdentifier>
    </Filter>
    <Filter Include="EngineLayer\PostEffectManagement\LuminanceOutlineEffect">
      <UniqueIdentifier>{60baa61e-8556-46d2-91c3-6e61f169202a}</UniqueIdentifier>
    </Filter>
    <Filter Include="EngineLayer\PostEffectManagement\NormalEffect">
      <UniqueIdentifier>{117ea9f6-d37e-496e-9162-e25a0e49e1e5}</UniqueIdentifier>
    </Filter>
    <Filter Include="EngineLayer\PostEffectManagement\RadialBlurEffect">
      <UniqueIdentifier>{541fa703-09dc-4b68-baa4-486f1029c8ae}</UniqueIdentifier>
    </Filter>
    <Filter Include="EngineLayer\PostEffectManagement\RandomEffect">
      <UniqueIdentifier>{26ad2221-a237-4b50-886e-9a77f6e8159a}</UniqueIdentifier>
    </Filter>
    <Filter Include="EngineLayer\PostEffectManagement\SmoothingEffect">
      <UniqueIdentifier>{cfdaba14-81ab-4503-a0ad-53aa83b89474}</UniqueIdentifier>
    </Filter>
    <Filter Include="EngineLayer\PostEffectManagement\VignetteEffect">
      <UniqueIdentifier>{400e0cd1-69f2-4758-9c69-2449eb54ba50}</UniqueIdentifier>
    </Filter>
    <Filter Include="Shader\GeometryShader">
      <UniqueIdentifier>{c40888df-84fa-4096-ae6a-3404250fc298}</UniqueIdentifier>
    </Filter>
    <Filter Include="ApplicationLayer\Scene\GameClearScene">
      <UniqueIdentifier>{939cf676-e2d9-4a96-a018-97a10893cace}</UniqueIdentifier>
    </Filter>
    <Filter Include="ApplicationLayer\Scene\GameOverScene">
      <UniqueIdentifier>{334488c7-3709-4c4e-bd7e-47d215d2b2bf}</UniqueIdentifier>
    </Filter>
    <Filter Include="ApplicationLayer\Scene\GamePlayScene">
      <UniqueIdentifier>{36d2b261-8641-463f-8c40-27d619c5859b}</UniqueIdentifier>
    </Filter>
    <Filter Include="ApplicationLayer\Scene\PhysicalScene">
      <UniqueIdentifier>{f8380660-e0e2-43be-a1fb-8d9f55002bd9}</UniqueIdentifier>
    </Filter>
    <Filter Include="ApplicationLayer\Scene\TitleScene">
      <UniqueIdentifier>{b62786e7-bde9-43ba-9fbf-df52f72793c1}</UniqueIdentifier>
    </Filter>
    <Filter Include="ApplicationLayer\SceneManager\AbstractSceneFactory">
      <UniqueIdentifier>{58c6d9df-3cf2-4b4b-858d-d1a0ee46b7da}</UniqueIdentifier>
    </Filter>
    <Filter Include="ApplicationLayer\SceneManager\BaseScene">
      <UniqueIdentifier>{566e0acf-b116-4b8d-98de-b2b5b6a3eb50}</UniqueIdentifier>
    </Filter>
    <Filter Include="ApplicationLayer\SceneManager\SceneFactory">
      <UniqueIdentifier>{300ebf2e-c572-4458-967c-72734b723476}</UniqueIdentifier>
    </Filter>
    <Filter Include="ApplicationLayer\SceneManager\SceneManager">
      <UniqueIdentifier>{cdf99a49-df2b-48b5-8f25-6826fb84f04f}</UniqueIdentifier>
    </Filter>
    <Filter Include="EngineLayer\2D\Sprite">
      <UniqueIdentifier>{6a7c3bef-b96b-4c89-9a9d-2b80c227488e}</UniqueIdentifier>
    </Filter>
    <Filter Include="EngineLayer\3D\LevelData">
      <UniqueIdentifier>{4d560853-004a-42a1-bdc6-ca91c7217908}</UniqueIdentifier>
    </Filter>
    <Filter Include="EngineLayer\3D\Object3D">
      <UniqueIdentifier>{e65d1f69-7154-46c7-90a3-6230845cc9a4}</UniqueIdentifier>
    </Filter>
    <Filter Include="EngineLayer\3D\Model">
      <UniqueIdentifier>{98677fc2-9c16-4169-8408-51393e5e55dd}</UniqueIdentifier>
    </Filter>
    <Filter Include="EngineLayer\3D\SkyBox">
      <UniqueIdentifier>{06408644-6de6-497d-809e-e5aa7ae27550}</UniqueIdentifier>
    </Filter>
    <Filter Include="EngineLayer\3D\Wireframe">
      <UniqueIdentifier>{e1b14ec4-967e-45a4-a9b0-d3a88eb9bf44}</UniqueIdentifier>
    </Filter>
    <Filter Include="EngineLayer\Base\BlendStateFactory">
      <UniqueIdentifier>{13767889-527e-4e62-b725-ee791f7e7aaa}</UniqueIdentifier>
    </Filter>
    <Filter Include="EngineLayer\Base\DirectXCommon">
      <UniqueIdentifier>{5b8f7522-26ff-4fc6-bfe2-6e4e1779cbda}</UniqueIdentifier>
    </Filter>
    <Filter Include="EngineLayer\Base\DX12CommandManager">
      <UniqueIdentifier>{2317e834-2ed8-4df6-a128-a0609842b4a5}</UniqueIdentifier>
    </Filter>
    <Filter Include="EngineLayer\Base\DX12Device">
      <UniqueIdentifier>{48969679-76f9-4092-9c2d-68566b5f06aa}</UniqueIdentifier>
    </Filter>
    <Filter Include="EngineLayer\Base\DX12FenceManager">
      <UniqueIdentifier>{27ffce1c-2451-4a54-b70b-62f3a844787d}</UniqueIdentifier>
    </Filter>
    <Filter Include="EngineLayer\Base\DX12SwapChain">
      <UniqueIdentifier>{8d86587b-0a7e-4f52-ba6b-5e5cfd9b9239}</UniqueIdentifier>
    </Filter>
    <Filter Include="EngineLayer\Base\DXCCompilerManager">
      <UniqueIdentifier>{d66c6682-3106-4d0a-b79d-1936ae6e88f3}</UniqueIdentifier>
    </Filter>
    <Filter Include="EngineLayer\Base\MultipleStructs">
      <UniqueIdentifier>{2d1dd0c1-2136-46dd-aafa-a0e2fb09b308}</UniqueIdentifier>
    </Filter>
    <Filter Include="EngineLayer\Base\ShaderCompiler">
      <UniqueIdentifier>{4f27a535-4afa-4360-a56b-b1826f19f380}</UniqueIdentifier>
    </Filter>
    <Filter Include="EngineLayer\CameraManagement">
      <UniqueIdentifier>{008785b1-c46f-4e53-91f4-a1f706621288}</UniqueIdentifier>
    </Filter>
    <Filter Include="EngineLayer\CameraManagement\Camera">
      <UniqueIdentifier>{7a7309fa-80b2-4d0d-84a9-b806f24a4b2b}</UniqueIdentifier>
    </Filter>
    <Filter Include="EngineLayer\CameraManagement\DebugCamera">
      <UniqueIdentifier>{6c6415b2-fbc4-48a7-bee6-b9d87dce8f89}</UniqueIdentifier>
    </Filter>
    <Filter Include="EngineLayer\CameraManagement\FpsCamera">
      <UniqueIdentifier>{29148480-69cf-4c1f-9d10-51495e92c043}</UniqueIdentifier>
    </Filter>
    <Filter Include="EngineLayer\FrameworkLayer">
      <UniqueIdentifier>{de4a0bff-83a7-4791-b6ff-f5813968870c}</UniqueIdentifier>
    </Filter>
    <Filter Include="EngineLayer\FrameworkLayer\Framework">
      <UniqueIdentifier>{bfede3a3-4999-42a1-b67e-f8ad40beba67}</UniqueIdentifier>
    </Filter>
    <Filter Include="EngineLayer\FrameworkLayer\Log">
      <UniqueIdentifier>{1a6fb466-53be-4aa0-8be0-caf0d531c4d6}</UniqueIdentifier>
    </Filter>
    <Filter Include="EngineLayer\FrameworkLayer\WindowsAPI">
      <UniqueIdentifier>{d9ed64c9-96d3-48bc-b5f9-9e117100ba3c}</UniqueIdentifier>
    </Filter>
    <Filter Include="EngineLayer\ResourceChecker">
      <UniqueIdentifier>{91cb6834-aade-463c-aed5-b97fb78ec716}</UniqueIdentifier>
    </Filter>
    <Filter Include="EngineLayer\Managers\DSVManager">
      <UniqueIdentifier>{e6ea6d1b-b80f-41b2-b8d0-931cd5a1a896}</UniqueIdentifier>
    </Filter>
    <Filter Include="EngineLayer\Managers\ImGuiManager">
      <UniqueIdentifier>{33ea1560-8ab9-4699-b841-34af50b26f49}</UniqueIdentifier>
    </Filter>
    <Filter Include="EngineLayer\Managers\LightManager">
      <UniqueIdentifier>{064774c3-2c61-41dc-ab97-c2a2cc290697}</UniqueIdentifier>
    </Filter>
    <Filter Include="EngineLayer\Managers\ModelManager">
      <UniqueIdentifier>{b6ad5a17-d01b-4807-98c5-e155f27cc48f}</UniqueIdentifier>
    </Filter>
    <Filter Include="ApplicationLayer\Scene\GamePlayScene\HUDManager">
      <UniqueIdentifier>{5e2f58cf-54b5-495c-b1a1-ba85bcee13ea}</UniqueIdentifier>
    </Filter>
    <Filter Include="EngineLayer\Managers\ParameterManager">
      <UniqueIdentifier>{cfdde0c4-58fa-491c-961d-f423a8acd54d}</UniqueIdentifier>
    </Filter>
    <Filter Include="EngineLayer\Managers\ParticleManager">
      <UniqueIdentifier>{899dc15b-3b10-44d7-9683-b076e68ab026}</UniqueIdentifier>
    </Filter>
    <Filter Include="EngineLayer\Managers\PostEffectManager">
      <UniqueIdentifier>{0de72f60-2ffc-4aee-a9d5-42bf37fcc01d}</UniqueIdentifier>
    </Filter>
    <Filter Include="EngineLayer\Managers\ResourceManager">
      <UniqueIdentifier>{486d3206-48e7-4b55-a126-4a8167118e92}</UniqueIdentifier>
    </Filter>
    <Filter Include="EngineLayer\Managers\RTVManager">
      <UniqueIdentifier>{8e322014-4198-4904-b117-9c17c9b653d1}</UniqueIdentifier>
    </Filter>
    <Filter Include="EngineLayer\Managers\SRVManager">
      <UniqueIdentifier>{7f957ce7-10ea-4688-ba10-9fc4fba60210}</UniqueIdentifier>
    </Filter>
    <Filter Include="EngineLayer\Managers\TextureManager">
      <UniqueIdentifier>{9bbec021-4aa2-4fe7-9b90-367906d2d763}</UniqueIdentifier>
    </Filter>
    <Filter Include="EngineLayer\Managers\UAVManager">
      <UniqueIdentifier>{bd782700-ae6d-4e42-8c1a-07d869d993d0}</UniqueIdentifier>
    </Filter>
    <Filter Include="EngineLayer\PostEffectManagement\PostEffectManagement">
      <UniqueIdentifier>{549db25b-5a48-4909-8720-02dad4b5bd4d}</UniqueIdentifier>
    </Filter>
    <Filter Include="ApplicationLayer\Scene\StageSelectScene">
      <UniqueIdentifier>{a8ef6c3f-b857-47b2-ab59-763fefc17071}</UniqueIdentifier>
    </Filter>
    <Filter Include="EngineLayer\3D\AnimationManagement">
      <UniqueIdentifier>{2737cf13-57b6-4008-89c3-6ee0302c6040}</UniqueIdentifier>
    </Filter>
    <Filter Include="ApplicationLayer\Character">
      <UniqueIdentifier>{a2348789-5065-4267-9a0b-5b362471c830}</UniqueIdentifier>
    </Filter>
    <Filter Include="ApplicationLayer\Character\BaseCharacter">
      <UniqueIdentifier>{5c36780a-9bfd-4cb9-8311-ce41c2229990}</UniqueIdentifier>
    </Filter>
    <Filter Include="ApplicationLayer\Character\Player">
      <UniqueIdentifier>{c109cc45-a229-47d4-948e-cab986d311a3}</UniqueIdentifier>
    </Filter>
    <Filter Include="ApplicationLayer\Character\Player\Weapon">
      <UniqueIdentifier>{8f30bd8f-faaa-4fde-a565-96d12d50afe0}</UniqueIdentifier>
    </Filter>
    <Filter Include="ApplicationLayer\WeaponSystem">
      <UniqueIdentifier>{11e77611-2a8a-40a3-83a8-40fad2043d80}</UniqueIdentifier>
    </Filter>
    <Filter Include="ApplicationLayer\WeaponSystem\BallisticEffect">
      <UniqueIdentifier>{bfdd85b2-0e1a-4720-8d9d-ed26b089361f}</UniqueIdentifier>
    </Filter>
    <Filter Include="ApplicationLayer\WeaponSystem\WeaponConfig">
      <UniqueIdentifier>{d71d457d-ef5c-4670-a548-7c192455529a}</UniqueIdentifier>
    </Filter>
    <Filter Include="ApplicationLayer\WeaponSystem\Weapon">
      <UniqueIdentifier>{0a663a83-969a-4f7b-bbe4-8a9618bacd74}</UniqueIdentifier>
    </Filter>
    <Filter Include="ApplicationLayer\WeaponSystem\PistolWeapon">
      <UniqueIdentifier>{0be49b7d-7e39-44ca-b345-2c29f727d257}</UniqueIdentifier>
    </Filter>
    <Filter Include="ApplicationLayer\WeaponSystem\BaseWeapon">
      <UniqueIdentifier>{78695a9e-0db2-4908-b941-be6d78e6bcce}</UniqueIdentifier>
    </Filter>
    <Filter Include="ApplicationLayer\WeaponSystem\Weapon\WeaponDatas">
      <UniqueIdentifier>{858d03ce-d5e4-47a8-813f-ca1f43a4136d}</UniqueIdentifier>
    </Filter>
  </ItemGroup>
</Project>